
Microsoft Visual Studio Solution File, Format Version 12.00
# Visual Studio Version 17
VisualStudioVersion = 17.9.34407.89
MinimumVisualStudioVersion = 10.0.40219.1
Project("{FAE04EC0-301F-11D3-BF4B-00C04F79EFBC}") = "Zio.Features.DI.Autofac", "Zio.Features.DI.Abstracts\Zio.Features.DI.Autofac.csproj", "{587F1591-A05A-4854-B7CB-6FE432C2358B}"
EndProject
Project("{FAE04EC0-301F-11D3-BF4B-00C04F79EFBC}") = "Zio.Features.Core", "Zio.Features.Core\Zio.Features.Core.csproj", "{03913811-D1DF-41A6-B389-394545BDBB69}"
EndProject
Project("{2150E333-8FDC-42A3-9474-1A3956D46DE8}") = "src", "src", "{F3C2C7A8-E158-4DAF-9ACA-0F57DFAE704D}"
EndProject
Project("{2150E333-8FDC-42A3-9474-1A3956D46DE8}") = "test", "test", "{C2043877-F896-462F-B91A-A6430A36B057}"
EndProject
Project("{FAE04EC0-301F-11D3-BF4B-00C04F79EFBC}") = "Zio.Features.Web.Test", "Zio.Features.Web.Test\Zio.Features.Web.Test.csproj", "{C2DBF6E4-A043-47E1-9FF4-F4062B06E4C6}"
EndProject
Project("{FAE04EC0-301F-11D3-BF4B-00C04F79EFBC}") = "Zio.Features.Service.Test", "Zio.Features.Service.Test\Zio.Features.Service.Test.csproj", "{ED61B3E1-B9C9-4A43-AB85-DF429ACA7885}"
EndProject
Project("{FAE04EC0-301F-11D3-BF4B-00C04F79EFBC}") = "Zio.Features.EntityFrameworkCore", "Zio.Features.EntityFrameworkCore\Zio.Features.EntityFrameworkCore.csproj", "{A0810C0A-ECC3-4441-9800-8706D4DF2B14}"
EndProject
Project("{FAE04EC0-301F-11D3-BF4B-00C04F79EFBC}") = "Zio.Features.Data", "Zio.Features.Data\Zio.Features.Data.csproj", "{113956E6-0EA9-456D-B6A7-092DD30B0A63}"
EndProject
Project("{FAE04EC0-301F-11D3-BF4B-00C04F79EFBC}") = "Zio.Features.EntityFrameworkCore.Mysql", "Zio.Features.EntityFrameworkCore.Mysql\Zio.Features.EntityFrameworkCore.Mysql.csproj", "{D32217FC-C66F-47AF-AF29-991D9479A4D7}"
EndProject
Project("{FAE04EC0-301F-11D3-BF4B-00C04F79EFBC}") = "Zio.Features.Core.Test", "Zio.Features.Core.Test\Zio.Features.Core.Test.csproj", "{B89B67D1-2D16-4F39-8F92-0EBD9651227D}"
EndProject
Project("{FAE04EC0-301F-11D3-BF4B-00C04F79EFBC}") = "Zio.Features.Ddd.Domain", "Zio.Features.Ddd.Domain\Zio.Features.Ddd.Domain.csproj", "{71C0B0BF-CA94-4AF0-884A-D3AACD53392A}"
EndProject
Global
	GlobalSection(SolutionConfigurationPlatforms) = preSolution
		Debug|Any CPU = Debug|Any CPU
		Release|Any CPU = Release|Any CPU
	EndGlobalSection
	GlobalSection(ProjectConfigurationPlatforms) = postSolution
		{587F1591-A05A-4854-B7CB-6FE432C2358B}.Debug|Any CPU.ActiveCfg = Debug|Any CPU
		{587F1591-A05A-4854-B7CB-6FE432C2358B}.Debug|Any CPU.Build.0 = Debug|Any CPU
		{587F1591-A05A-4854-B7CB-6FE432C2358B}.Release|Any CPU.ActiveCfg = Release|Any CPU
		{587F1591-A05A-4854-B7CB-6FE432C2358B}.Release|Any CPU.Build.0 = Release|Any CPU
		{03913811-D1DF-41A6-B389-394545BDBB69}.Debug|Any CPU.ActiveCfg = Debug|Any CPU
		{03913811-D1DF-41A6-B389-394545BDBB69}.Debug|Any CPU.Build.0 = Debug|Any CPU
		{03913811-D1DF-41A6-B389-394545BDBB69}.Release|Any CPU.ActiveCfg = Release|Any CPU
		{03913811-D1DF-41A6-B389-394545BDBB69}.Release|Any CPU.Build.0 = Release|Any CPU
		{C2DBF6E4-A043-47E1-9FF4-F4062B06E4C6}.Debug|Any CPU.ActiveCfg = Debug|Any CPU
		{C2DBF6E4-A043-47E1-9FF4-F4062B06E4C6}.Debug|Any CPU.Build.0 = Debug|Any CPU
		{C2DBF6E4-A043-47E1-9FF4-F4062B06E4C6}.Release|Any CPU.ActiveCfg = Release|Any CPU
		{C2DBF6E4-A043-47E1-9FF4-F4062B06E4C6}.Release|Any CPU.Build.0 = Release|Any CPU
		{ED61B3E1-B9C9-4A43-AB85-DF429ACA7885}.Debug|Any CPU.ActiveCfg = Debug|Any CPU
		{ED61B3E1-B9C9-4A43-AB85-DF429ACA7885}.Debug|Any CPU.Build.0 = Debug|Any CPU
		{ED61B3E1-B9C9-4A43-AB85-DF429ACA7885}.Release|Any CPU.ActiveCfg = Release|Any CPU
		{ED61B3E1-B9C9-4A43-AB85-DF429ACA7885}.Release|Any CPU.Build.0 = Release|Any CPU
		{A0810C0A-ECC3-4441-9800-8706D4DF2B14}.Debug|Any CPU.ActiveCfg = Debug|Any CPU
		{A0810C0A-ECC3-4441-9800-8706D4DF2B14}.Debug|Any CPU.Build.0 = Debug|Any CPU
		{A0810C0A-ECC3-4441-9800-8706D4DF2B14}.Release|Any CPU.ActiveCfg = Release|Any CPU
		{A0810C0A-ECC3-4441-9800-8706D4DF2B14}.Release|Any CPU.Build.0 = Release|Any CPU
		{113956E6-0EA9-456D-B6A7-092DD30B0A63}.Debug|Any CPU.ActiveCfg = Debug|Any CPU
		{113956E6-0EA9-456D-B6A7-092DD30B0A63}.Debug|Any CPU.Build.0 = Debug|Any CPU
		{113956E6-0EA9-456D-B6A7-092DD30B0A63}.Release|Any CPU.ActiveCfg = Release|Any CPU
		{113956E6-0EA9-456D-B6A7-092DD30B0A63}.Release|Any CPU.Build.0 = Release|Any CPU
		{D32217FC-C66F-47AF-AF29-991D9479A4D7}.Debug|Any CPU.ActiveCfg = Debug|Any CPU
		{D32217FC-C66F-47AF-AF29-991D9479A4D7}.Debug|Any CPU.Build.0 = Debug|Any CPU
		{D32217FC-C66F-47AF-AF29-991D9479A4D7}.Release|Any CPU.ActiveCfg = Release|Any CPU
		{D32217FC-C66F-47AF-AF29-991D9479A4D7}.Release|Any CPU.Build.0 = Release|Any CPU
		{B89B67D1-2D16-4F39-8F92-0EBD9651227D}.Debug|Any CPU.ActiveCfg = Debug|Any CPU
		{B89B67D1-2D16-4F39-8F92-0EBD9651227D}.Debug|Any CPU.Build.0 = Debug|Any CPU
		{B89B67D1-2D16-4F39-8F92-0EBD9651227D}.Release|Any CPU.ActiveCfg = Release|Any CPU
		{B89B67D1-2D16-4F39-8F92-0EBD9651227D}.Release|Any CPU.Build.0 = Release|Any CPU
		{71C0B0BF-CA94-4AF0-884A-D3AACD53392A}.Debug|Any CPU.ActiveCfg = Debug|Any CPU
		{71C0B0BF-CA94-4AF0-884A-D3AACD53392A}.Debug|Any CPU.Build.0 = Debug|Any CPU
		{71C0B0BF-CA94-4AF0-884A-D3AACD53392A}.Release|Any CPU.ActiveCfg = Release|Any CPU
		{71C0B0BF-CA94-4AF0-884A-D3AACD53392A}.Release|Any CPU.Build.0 = Release|Any CPU
	EndGlobalSection
	GlobalSection(SolutionProperties) = preSolution
		HideSolutionNode = FALSE
	EndGlobalSection
	GlobalSection(NestedProjects) = preSolution
		{587F1591-A05A-4854-B7CB-6FE432C2358B} = {F3C2C7A8-E158-4DAF-9ACA-0F57DFAE704D}
		{03913811-D1DF-41A6-B389-394545BDBB69} = {F3C2C7A8-E158-4DAF-9ACA-0F57DFAE704D}
		{C2DBF6E4-A043-47E1-9FF4-F4062B06E4C6} = {C2043877-F896-462F-B91A-A6430A36B057}
		{ED61B3E1-B9C9-4A43-AB85-DF429ACA7885} = {C2043877-F896-462F-B91A-A6430A36B057}
		{A0810C0A-ECC3-4441-9800-8706D4DF2B14} = {F3C2C7A8-E158-4DAF-9ACA-0F57DFAE704D}
		{113956E6-0EA9-456D-B6A7-092DD30B0A63} = {F3C2C7A8-E158-4DAF-9ACA-0F57DFAE704D}
		{D32217FC-C66F-47AF-AF29-991D9479A4D7} = {F3C2C7A8-E158-4DAF-9ACA-0F57DFAE704D}
		{B89B67D1-2D16-4F39-8F92-0EBD9651227D} = {C2043877-F896-462F-B91A-A6430A36B057}
		{71C0B0BF-CA94-4AF0-884A-D3AACD53392A} = {F3C2C7A8-E158-4DAF-9ACA-0F57DFAE704D}
	EndGlobalSection
	GlobalSection(ExtensibilityGlobals) = postSolution
		SolutionGuid = {C625C346-DDFC-4CB0-B0AE-43182BF7E01E}
	EndGlobalSection
EndGlobal
